
Microsoft Visual Studio Solution File, Format Version 12.00
Project("{FAE04EC0-301F-11D3-BF4B-00C04F79EFBC}") = "Vedroid.DAL", "Vedroid.DAL\Vedroid.DAL.csproj", "{B821831E-F135-4BF0-93E8-4EF20F2B3067}"
EndProject
Project("{FAE04EC0-301F-11D3-BF4B-00C04F79EFBC}") = "Vedroid.BLL", "Vedroid.BLL\Vedroid.BLL.csproj", "{A9F54F4D-B9CD-4120-B23C-67F49956F665}"
EndProject
Project("{FAE04EC0-301F-11D3-BF4B-00C04F79EFBC}") = "RubeGoldberg", "RubeGoldberg\RubeGoldberg.csproj", "{98A31F28-2A38-467C-BBB9-F97C083EC79F}"
EndProject
Project("{FAE04EC0-301F-11D3-BF4B-00C04F79EFBC}") = "Vedroid.Api", "Vedroid.Api\Vedroid.Api.csproj", "{227A5533-F4BD-440A-AA22-7BA3347F7DFF}"
EndProject
Project("{FAE04EC0-301F-11D3-BF4B-00C04F79EFBC}") = "Vedroid.BLL.Tests", "Vedroid.BLL.Tests\Vedroid.BLL.Tests.csproj", "{7F124666-D05A-43C4-B8AE-95592D9B2EBF}"
EndProject
Project("{FAE04EC0-301F-11D3-BF4B-00C04F79EFBC}") = "Vedroid.Api.Tests", "Vedroid.Api.Tests\Vedroid.Api.Tests.csproj", "{5B445561-B50B-4EBA-A63E-318B7C08B228}"
EndProject
Global
	GlobalSection(SolutionConfigurationPlatforms) = preSolution
		Debug|Any CPU = Debug|Any CPU
		Release|Any CPU = Release|Any CPU
	EndGlobalSection
	GlobalSection(ProjectConfigurationPlatforms) = postSolution
		{B821831E-F135-4BF0-93E8-4EF20F2B3067}.Debug|Any CPU.ActiveCfg = Debug|Any CPU
		{B821831E-F135-4BF0-93E8-4EF20F2B3067}.Debug|Any CPU.Build.0 = Debug|Any CPU
		{B821831E-F135-4BF0-93E8-4EF20F2B3067}.Release|Any CPU.ActiveCfg = Release|Any CPU
		{B821831E-F135-4BF0-93E8-4EF20F2B3067}.Release|Any CPU.Build.0 = Release|Any CPU
		{A9F54F4D-B9CD-4120-B23C-67F49956F665}.Debug|Any CPU.ActiveCfg = Debug|Any CPU
		{A9F54F4D-B9CD-4120-B23C-67F49956F665}.Debug|Any CPU.Build.0 = Debug|Any CPU
		{A9F54F4D-B9CD-4120-B23C-67F49956F665}.Release|Any CPU.ActiveCfg = Release|Any CPU
		{A9F54F4D-B9CD-4120-B23C-67F49956F665}.Release|Any CPU.Build.0 = Release|Any CPU
		{98A31F28-2A38-467C-BBB9-F97C083EC79F}.Debug|Any CPU.ActiveCfg = Debug|Any CPU
		{98A31F28-2A38-467C-BBB9-F97C083EC79F}.Debug|Any CPU.Build.0 = Debug|Any CPU
		{98A31F28-2A38-467C-BBB9-F97C083EC79F}.Release|Any CPU.ActiveCfg = Release|Any CPU
		{98A31F28-2A38-467C-BBB9-F97C083EC79F}.Release|Any CPU.Build.0 = Release|Any CPU
		{227A5533-F4BD-440A-AA22-7BA3347F7DFF}.Debug|Any CPU.ActiveCfg = Debug|Any CPU
		{227A5533-F4BD-440A-AA22-7BA3347F7DFF}.Debug|Any CPU.Build.0 = Debug|Any CPU
		{227A5533-F4BD-440A-AA22-7BA3347F7DFF}.Release|Any CPU.ActiveCfg = Release|Any CPU
		{227A5533-F4BD-440A-AA22-7BA3347F7DFF}.Release|Any CPU.Build.0 = Release|Any CPU
		{7F124666-D05A-43C4-B8AE-95592D9B2EBF}.Debug|Any CPU.ActiveCfg = Debug|Any CPU
		{7F124666-D05A-43C4-B8AE-95592D9B2EBF}.Debug|Any CPU.Build.0 = Debug|Any CPU
		{7F124666-D05A-43C4-B8AE-95592D9B2EBF}.Release|Any CPU.ActiveCfg = Release|Any CPU
		{7F124666-D05A-43C4-B8AE-95592D9B2EBF}.Release|Any CPU.Build.0 = Release|Any CPU
		{5B445561-B50B-4EBA-A63E-318B7C08B228}.Debug|Any CPU.ActiveCfg = Debug|Any CPU
		{5B445561-B50B-4EBA-A63E-318B7C08B228}.Debug|Any CPU.Build.0 = Debug|Any CPU
		{5B445561-B50B-4EBA-A63E-318B7C08B228}.Release|Any CPU.ActiveCfg = Release|Any CPU
		{5B445561-B50B-4EBA-A63E-318B7C08B228}.Release|Any CPU.Build.0 = Release|Any CPU
	EndGlobalSection
EndGlobal
